// !$*UTF8*$!
{
	archiveVersion = 1;
	classes = {
	};
	objectVersion = 55;
	objects = {

/* Begin PBXBuildFile section */
		69652401286AEF120078C44D /* AppDelegate.swift in Sources */ = {isa = PBXBuildFile; fileRef = 69652400286AEF120078C44D /* AppDelegate.swift */; };
		69652403286AEF120078C44D /* SceneDelegate.swift in Sources */ = {isa = PBXBuildFile; fileRef = 69652402286AEF120078C44D /* SceneDelegate.swift */; };
		69652405286AEF120078C44D /* ProductViewController.swift in Sources */ = {isa = PBXBuildFile; fileRef = 69652404286AEF120078C44D /* ProductViewController.swift */; };
		69652408286AEF120078C44D /* Main.storyboard in Resources */ = {isa = PBXBuildFile; fileRef = 69652406286AEF120078C44D /* Main.storyboard */; };
		6965240A286AEF150078C44D /* Assets.xcassets in Resources */ = {isa = PBXBuildFile; fileRef = 69652409286AEF150078C44D /* Assets.xcassets */; };
		6965240D286AEF150078C44D /* LaunchScreen.storyboard in Resources */ = {isa = PBXBuildFile; fileRef = 6965240B286AEF150078C44D /* LaunchScreen.storyboard */; };
		6965241D286AF6890078C44D /* ProductCollectionViewCell.swift in Sources */ = {isa = PBXBuildFile; fileRef = 6965241B286AF6890078C44D /* ProductCollectionViewCell.swift */; };
		6965241E286AF6890078C44D /* ProductCollectionViewCell.xib in Resources */ = {isa = PBXBuildFile; fileRef = 6965241C286AF6890078C44D /* ProductCollectionViewCell.xib */; };
		69652420286AFB460078C44D /* Product.swift in Sources */ = {isa = PBXBuildFile; fileRef = 6965241F286AFB460078C44D /* Product.swift */; };
		69652422286AFFF80078C44D /* APICaller.swift in Sources */ = {isa = PBXBuildFile; fileRef = 69652421286AFFF80078C44D /* APICaller.swift */; };
		69652425286B08DF0078C44D /* DetailProductViewController.swift in Sources */ = {isa = PBXBuildFile; fileRef = 69652423286B08DF0078C44D /* DetailProductViewController.swift */; };
		69652426286B08DF0078C44D /* DetailProductViewController.xib in Resources */ = {isa = PBXBuildFile; fileRef = 69652424286B08DF0078C44D /* DetailProductViewController.xib */; };
		BEE535A20C71CD3CECD3FBD6 /* Pods_mini_ecommerce.framework in Frameworks */ = {isa = PBXBuildFile; fileRef = 981305FFA90B1A59A7D76662 /* Pods_mini_ecommerce.framework */; };
/* End PBXBuildFile section */

/* Begin PBXFileReference section */
		696523FD286AEF120078C44D /* mini-ecommerce.app */ = {isa = PBXFileReference; explicitFileType = wrapper.application; includeInIndex = 0; path = "mini-ecommerce.app"; sourceTree = BUILT_PRODUCTS_DIR; };
		69652400286AEF120078C44D /* AppDelegate.swift */ = {isa = PBXFileReference; lastKnownFileType = sourcecode.swift; path = AppDelegate.swift; sourceTree = "<group>"; };
		69652402286AEF120078C44D /* SceneDelegate.swift */ = {isa = PBXFileReference; lastKnownFileType = sourcecode.swift; path = SceneDelegate.swift; sourceTree = "<group>"; };
		69652404286AEF120078C44D /* ProductViewController.swift */ = {isa = PBXFileReference; lastKnownFileType = sourcecode.swift; path = ProductViewController.swift; sourceTree = "<group>"; };
		69652407286AEF120078C44D /* Base */ = {isa = PBXFileReference; lastKnownFileType = file.storyboard; name = Base; path = Base.lproj/Main.storyboard; sourceTree = "<group>"; };
		69652409286AEF150078C44D /* Assets.xcassets */ = {isa = PBXFileReference; lastKnownFileType = folder.assetcatalog; path = Assets.xcassets; sourceTree = "<group>"; };
		6965240C286AEF150078C44D /* Base */ = {isa = PBXFileReference; lastKnownFileType = file.storyboard; name = Base; path = Base.lproj/LaunchScreen.storyboard; sourceTree = "<group>"; };
		6965240E286AEF150078C44D /* Info.plist */ = {isa = PBXFileReference; lastKnownFileType = text.plist.xml; path = Info.plist; sourceTree = "<group>"; };
		6965241B286AF6890078C44D /* ProductCollectionViewCell.swift */ = {isa = PBXFileReference; lastKnownFileType = sourcecode.swift; path = ProductCollectionViewCell.swift; sourceTree = "<group>"; };
		6965241C286AF6890078C44D /* ProductCollectionViewCell.xib */ = {isa = PBXFileReference; lastKnownFileType = file.xib; path = ProductCollectionViewCell.xib; sourceTree = "<group>"; };
		6965241F286AFB460078C44D /* Product.swift */ = {isa = PBXFileReference; lastKnownFileType = sourcecode.swift; path = Product.swift; sourceTree = "<group>"; };
		69652421286AFFF80078C44D /* APICaller.swift */ = {isa = PBXFileReference; lastKnownFileType = sourcecode.swift; path = APICaller.swift; sourceTree = "<group>"; };
		69652423286B08DF0078C44D /* DetailProductViewController.swift */ = {isa = PBXFileReference; lastKnownFileType = sourcecode.swift; path = DetailProductViewController.swift; sourceTree = "<group>"; };
		69652424286B08DF0078C44D /* DetailProductViewController.xib */ = {isa = PBXFileReference; lastKnownFileType = file.xib; path = DetailProductViewController.xib; sourceTree = "<group>"; };
		981305FFA90B1A59A7D76662 /* Pods_mini_ecommerce.framework */ = {isa = PBXFileReference; explicitFileType = wrapper.framework; includeInIndex = 0; path = Pods_mini_ecommerce.framework; sourceTree = BUILT_PRODUCTS_DIR; };
		ADBF46BBE898508AC8EC00CA /* Pods-mini-ecommerce.debug.xcconfig */ = {isa = PBXFileReference; includeInIndex = 1; lastKnownFileType = text.xcconfig; name = "Pods-mini-ecommerce.debug.xcconfig"; path = "Target Support Files/Pods-mini-ecommerce/Pods-mini-ecommerce.debug.xcconfig"; sourceTree = "<group>"; };
		B2C427D26A8941081175CC48 /* Pods-mini-ecommerce.release.xcconfig */ = {isa = PBXFileReference; includeInIndex = 1; lastKnownFileType = text.xcconfig; name = "Pods-mini-ecommerce.release.xcconfig"; path = "Target Support Files/Pods-mini-ecommerce/Pods-mini-ecommerce.release.xcconfig"; sourceTree = "<group>"; };
/* End PBXFileReference section */

/* Begin PBXFrameworksBuildPhase section */
		696523FA286AEF120078C44D /* Frameworks */ = {
			isa = PBXFrameworksBuildPhase;
			buildActionMask = 2147483647;
			files = (
				BEE535A20C71CD3CECD3FBD6 /* Pods_mini_ecommerce.framework in Frameworks */,
			);
			runOnlyForDeploymentPostprocessing = 0;
		};
/* End PBXFrameworksBuildPhase section */

/* Begin PBXGroup section */
		28B64488190ECD77AE57EBE4 /* Pods */ = {
			isa = PBXGroup;
			children = (
				ADBF46BBE898508AC8EC00CA /* Pods-mini-ecommerce.debug.xcconfig */,
				B2C427D26A8941081175CC48 /* Pods-mini-ecommerce.release.xcconfig */,
			);
			path = Pods;
			sourceTree = "<group>";
		};
		696523F4286AEF120078C44D = {
			isa = PBXGroup;
			children = (
				696523FF286AEF120078C44D /* mini-ecommerce */,
				696523FE286AEF120078C44D /* Products */,
				28B64488190ECD77AE57EBE4 /* Pods */,
				CB11528D7A0CAC4D7A633789 /* Frameworks */,
			);
			sourceTree = "<group>";
		};
		696523FE286AEF120078C44D /* Products */ = {
			isa = PBXGroup;
			children = (
				696523FD286AEF120078C44D /* mini-ecommerce.app */,
			);
			name = Products;
			sourceTree = "<group>";
		};
		696523FF286AEF120078C44D /* mini-ecommerce */ = {
			isa = PBXGroup;
			children = (
				6965241A286AF4E40078C44D /* Managers */,
				69652419286AF4D60078C44D /* Resources */,
				69652416286AF4A60078C44D /* Models */,
				69652417286AF4AE0078C44D /* Views */,
				69652418286AF4B30078C44D /* Controllers */,
				69652409286AEF150078C44D /* Assets.xcassets */,
				6965240E286AEF150078C44D /* Info.plist */,
			);
			path = "mini-ecommerce";
			sourceTree = "<group>";
		};
		69652416286AF4A60078C44D /* Models */ = {
			isa = PBXGroup;
			children = (
				6965241F286AFB460078C44D /* Product.swift */,
			);
			path = Models;
			sourceTree = "<group>";
		};
		69652417286AF4AE0078C44D /* Views */ = {
			isa = PBXGroup;
			children = (
				6965240B286AEF150078C44D /* LaunchScreen.storyboard */,
				69652406286AEF120078C44D /* Main.storyboard */,
				6965241B286AF6890078C44D /* ProductCollectionViewCell.swift */,
				6965241C286AF6890078C44D /* ProductCollectionViewCell.xib */,
				69652424286B08DF0078C44D /* DetailProductViewController.xib */,
			);
			path = Views;
			sourceTree = "<group>";
		};
		69652418286AF4B30078C44D /* Controllers */ = {
			isa = PBXGroup;
			children = (
				69652423286B08DF0078C44D /* DetailProductViewController.swift */,
				69652404286AEF120078C44D /* ProductViewController.swift */,
			);
			path = Controllers;
			sourceTree = "<group>";
		};
		69652419286AF4D60078C44D /* Resources */ = {
			isa = PBXGroup;
			children = (
				69652400286AEF120078C44D /* AppDelegate.swift */,
				69652402286AEF120078C44D /* SceneDelegate.swift */,
			);
			path = Resources;
			sourceTree = "<group>";
		};
		6965241A286AF4E40078C44D /* Managers */ = {
			isa = PBXGroup;
			children = (
				69652421286AFFF80078C44D /* APICaller.swift */,
			);
			path = Managers;
			sourceTree = "<group>";
		};
		CB11528D7A0CAC4D7A633789 /* Frameworks */ = {
			isa = PBXGroup;
			children = (
				981305FFA90B1A59A7D76662 /* Pods_mini_ecommerce.framework */,
			);
			name = Frameworks;
			sourceTree = "<group>";
		};
/* End PBXGroup section */

/* Begin PBXNativeTarget section */
		696523FC286AEF120078C44D /* mini-ecommerce */ = {
			isa = PBXNativeTarget;
			buildConfigurationList = 69652411286AEF150078C44D /* Build configuration list for PBXNativeTarget "mini-ecommerce" */;
			buildPhases = (
				84BB328367AB1F1DF45C5585 /* [CP] Check Pods Manifest.lock */,
				696523F9286AEF120078C44D /* Sources */,
				696523FA286AEF120078C44D /* Frameworks */,
				696523FB286AEF120078C44D /* Resources */,
				3332FE1C8070F37ABD766A17 /* [CP] Embed Pods Frameworks */,
			);
			buildRules = (
			);
			dependencies = (
			);
			name = "mini-ecommerce";
			productName = "mini-ecommerce";
			productReference = 696523FD286AEF120078C44D /* mini-ecommerce.app */;
			productType = "com.apple.product-type.application";
		};
/* End PBXNativeTarget section */

/* Begin PBXProject section */
		696523F5286AEF120078C44D /* Project object */ = {
			isa = PBXProject;
			attributes = {
				BuildIndependentTargetsInParallel = 1;
				LastSwiftUpdateCheck = 1340;
				LastUpgradeCheck = 1340;
				TargetAttributes = {
					696523FC286AEF120078C44D = {
						CreatedOnToolsVersion = 13.4.1;
					};
				};
			};
			buildConfigurationList = 696523F8286AEF120078C44D /* Build configuration list for PBXProject "mini-ecommerce" */;
			compatibilityVersion = "Xcode 13.0";
			developmentRegion = en;
			hasScannedForEncodings = 0;
			knownRegions = (
				en,
				Base,
			);
			mainGroup = 696523F4286AEF120078C44D;
			productRefGroup = 696523FE286AEF120078C44D /* Products */;
			projectDirPath = "";
			projectRoot = "";
			targets = (
				696523FC286AEF120078C44D /* mini-ecommerce */,
			);
		};
/* End PBXProject section */

/* Begin PBXResourcesBuildPhase section */
		696523FB286AEF120078C44D /* Resources */ = {
			isa = PBXResourcesBuildPhase;
			buildActionMask = 2147483647;
			files = (
				6965240D286AEF150078C44D /* LaunchScreen.storyboard in Resources */,
				6965240A286AEF150078C44D /* Assets.xcassets in Resources */,
				6965241E286AF6890078C44D /* ProductCollectionViewCell.xib in Resources */,
				69652408286AEF120078C44D /* Main.storyboard in Resources */,
				69652426286B08DF0078C44D /* DetailProductViewController.xib in Resources */,
			);
			runOnlyForDeploymentPostprocessing = 0;
		};
/* End PBXResourcesBuildPhase section */

/* Begin PBXShellScriptBuildPhase section */
		3332FE1C8070F37ABD766A17 /* [CP] Embed Pods Frameworks */ = {
			isa = PBXShellScriptBuildPhase;
			buildActionMask = 2147483647;
			files = (
			);
			inputFileListPaths = (
				"${PODS_ROOT}/Target Support Files/Pods-mini-ecommerce/Pods-mini-ecommerce-frameworks-${CONFIGURATION}-input-files.xcfilelist",
			);
			name = "[CP] Embed Pods Frameworks";
			outputFileListPaths = (
				"${PODS_ROOT}/Target Support Files/Pods-mini-ecommerce/Pods-mini-ecommerce-frameworks-${CONFIGURATION}-output-files.xcfilelist",
			);
			runOnlyForDeploymentPostprocessing = 0;
			shellPath = /bin/sh;
			shellScript = "\"${PODS_ROOT}/Target Support Files/Pods-mini-ecommerce/Pods-mini-ecommerce-frameworks.sh\"\n";
			showEnvVarsInLog = 0;
		};
		84BB328367AB1F1DF45C5585 /* [CP] Check Pods Manifest.lock */ = {
			isa = PBXShellScriptBuildPhase;
			buildActionMask = 2147483647;
			files = (
			);
			inputFileListPaths = (
			);
			inputPaths = (
				"${PODS_PODFILE_DIR_PATH}/Podfile.lock",
				"${PODS_ROOT}/Manifest.lock",
			);
			name = "[CP] Check Pods Manifest.lock";
			outputFileListPaths = (
			);
			outputPaths = (
				"$(DERIVED_FILE_DIR)/Pods-mini-ecommerce-checkManifestLockResult.txt",
			);
			runOnlyForDeploymentPostprocessing = 0;
			shellPath = /bin/sh;
			shellScript = "diff \"${PODS_PODFILE_DIR_PATH}/Podfile.lock\" \"${PODS_ROOT}/Manifest.lock\" > /dev/null\nif [ $? != 0 ] ; then\n    # print error to STDERR\n    echo \"error: The sandbox is not in sync with the Podfile.lock. Run 'pod install' or update your CocoaPods installation.\" >&2\n    exit 1\nfi\n# This output is used by Xcode 'outputs' to avoid re-running this script phase.\necho \"SUCCESS\" > \"${SCRIPT_OUTPUT_FILE_0}\"\n";
			showEnvVarsInLog = 0;
		};
/* End PBXShellScriptBuildPhase section */

/* Begin PBXSourcesBuildPhase section */
		696523F9286AEF120078C44D /* Sources */ = {
			isa = PBXSourcesBuildPhase;
			buildActionMask = 2147483647;
			files = (
				69652405286AEF120078C44D /* ProductViewController.swift in Sources */,
				69652422286AFFF80078C44D /* APICaller.swift in Sources */,
				69652425286B08DF0078C44D /* DetailProductViewController.swift in Sources */,
				69652401286AEF120078C44D /* AppDelegate.swift in Sources */,
				69652420286AFB460078C44D /* Product.swift in Sources */,
				6965241D286AF6890078C44D /* ProductCollectionViewCell.swift in Sources */,
				69652403286AEF120078C44D /* SceneDelegate.swift in Sources */,
			);
			runOnlyForDeploymentPostprocessing = 0;
		};
/* End PBXSourcesBuildPhase section */

/* Begin PBXVariantGroup section */
		69652406286AEF120078C44D /* Main.storyboard */ = {
			isa = PBXVariantGroup;
			children = (
				69652407286AEF120078C44D /* Base */,
			);
			name = Main.storyboard;
			sourceTree = "<group>";
		};
		6965240B286AEF150078C44D /* LaunchScreen.storyboard */ = {
			isa = PBXVariantGroup;
			children = (
				6965240C286AEF150078C44D /* Base */,
			);
			name = LaunchScreen.storyboard;
			sourceTree = "<group>";
		};
/* End PBXVariantGroup section */

/* Begin XCBuildConfiguration section */
		6965240F286AEF150078C44D /* Debug */ = {
			isa = XCBuildConfiguration;
			buildSettings = {
				ALWAYS_SEARCH_USER_PATHS = NO;
				CLANG_ANALYZER_NONNULL = YES;
				CLANG_ANALYZER_NUMBER_OBJECT_CONVERSION = YES_AGGRESSIVE;
				CLANG_CXX_LANGUAGE_STANDARD = "gnu++17";
				CLANG_ENABLE_MODULES = YES;
				CLANG_ENABLE_OBJC_ARC = YES;
				CLANG_ENABLE_OBJC_WEAK = YES;
				CLANG_WARN_BLOCK_CAPTURE_AUTORELEASING = YES;
				CLANG_WARN_BOOL_CONVERSION = YES;
				CLANG_WARN_COMMA = YES;
				CLANG_WARN_CONSTANT_CONVERSION = YES;
				CLANG_WARN_DEPRECATED_OBJC_IMPLEMENTATIONS = YES;
				CLANG_WARN_DIRECT_OBJC_ISA_USAGE = YES_ERROR;
				CLANG_WARN_DOCUMENTATION_COMMENTS = YES;
				CLANG_WARN_EMPTY_BODY = YES;
				CLANG_WARN_ENUM_CONVERSION = YES;
				CLANG_WARN_INFINITE_RECURSION = YES;
				CLANG_WARN_INT_CONVERSION = YES;
				CLANG_WARN_NON_LITERAL_NULL_CONVERSION = YES;
				CLANG_WARN_OBJC_IMPLICIT_RETAIN_SELF = YES;
				CLANG_WARN_OBJC_LITERAL_CONVERSION = YES;
				CLANG_WARN_OBJC_ROOT_CLASS = YES_ERROR;
				CLANG_WARN_QUOTED_INCLUDE_IN_FRAMEWORK_HEADER = YES;
				CLANG_WARN_RANGE_LOOP_ANALYSIS = YES;
				CLANG_WARN_STRICT_PROTOTYPES = YES;
				CLANG_WARN_SUSPICIOUS_MOVE = YES;
				CLANG_WARN_UNGUARDED_AVAILABILITY = YES_AGGRESSIVE;
				CLANG_WARN_UNREACHABLE_CODE = YES;
				CLANG_WARN__DUPLICATE_METHOD_MATCH = YES;
				COPY_PHASE_STRIP = NO;
				DEBUG_INFORMATION_FORMAT = dwarf;
				ENABLE_STRICT_OBJC_MSGSEND = YES;
				ENABLE_TESTABILITY = YES;
				GCC_C_LANGUAGE_STANDARD = gnu11;
				GCC_DYNAMIC_NO_PIC = NO;
				GCC_NO_COMMON_BLOCKS = YES;
				GCC_OPTIMIZATION_LEVEL = 0;
				GCC_PREPROCESSOR_DEFINITIONS = (
					"DEBUG=1",
					"$(inherited)",
				);
				GCC_WARN_64_TO_32_BIT_CONVERSION = YES;
				GCC_WARN_ABOUT_RETURN_TYPE = YES_ERROR;
				GCC_WARN_UNDECLARED_SELECTOR = YES;
				GCC_WARN_UNINITIALIZED_AUTOS = YES_AGGRESSIVE;
				GCC_WARN_UNUSED_FUNCTION = YES;
				GCC_WARN_UNUSED_VARIABLE = YES;
				IPHONEOS_DEPLOYMENT_TARGET = 15.5;
				MTL_ENABLE_DEBUG_INFO = INCLUDE_SOURCE;
				MTL_FAST_MATH = YES;
				ONLY_ACTIVE_ARCH = YES;
				SDKROOT = iphoneos;
				SWIFT_ACTIVE_COMPILATION_CONDITIONS = DEBUG;
				SWIFT_OPTIMIZATION_LEVEL = "-Onone";
			};
			name = Debug;
		};
		69652410286AEF150078C44D /* Release */ = {
			isa = XCBuildConfiguration;
			buildSettings = {
				ALWAYS_SEARCH_USER_PATHS = NO;
				CLANG_ANALYZER_NONNULL = YES;
				CLANG_ANALYZER_NUMBER_OBJECT_CONVERSION = YES_AGGRESSIVE;
				CLANG_CXX_LANGUAGE_STANDARD = "gnu++17";
				CLANG_ENABLE_MODULES = YES;
				CLANG_ENABLE_OBJC_ARC = YES;
				CLANG_ENABLE_OBJC_WEAK = YES;
				CLANG_WARN_BLOCK_CAPTURE_AUTORELEASING = YES;
				CLANG_WARN_BOOL_CONVERSION = YES;
				CLANG_WARN_COMMA = YES;
				CLANG_WARN_CONSTANT_CONVERSION = YES;
				CLANG_WARN_DEPRECATED_OBJC_IMPLEMENTATIONS = YES;
				CLANG_WARN_DIRECT_OBJC_ISA_USAGE = YES_ERROR;
				CLANG_WARN_DOCUMENTATION_COMMENTS = YES;
				CLANG_WARN_EMPTY_BODY = YES;
				CLANG_WARN_ENUM_CONVERSION = YES;
				CLANG_WARN_INFINITE_RECURSION = YES;
				CLANG_WARN_INT_CONVERSION = YES;
				CLANG_WARN_NON_LITERAL_NULL_CONVERSION = YES;
				CLANG_WARN_OBJC_IMPLICIT_RETAIN_SELF = YES;
				CLANG_WARN_OBJC_LITERAL_CONVERSION = YES;
				CLANG_WARN_OBJC_ROOT_CLASS = YES_ERROR;
				CLANG_WARN_QUOTED_INCLUDE_IN_FRAMEWORK_HEADER = YES;
				CLANG_WARN_RANGE_LOOP_ANALYSIS = YES;
				CLANG_WARN_STRICT_PROTOTYPES = YES;
				CLANG_WARN_SUSPICIOUS_MOVE = YES;
				CLANG_WARN_UNGUARDED_AVAILABILITY = YES_AGGRESSIVE;
				CLANG_WARN_UNREACHABLE_CODE = YES;
				CLANG_WARN__DUPLICATE_METHOD_MATCH = YES;
				COPY_PHASE_STRIP = NO;
				DEBUG_INFORMATION_FORMAT = "dwarf-with-dsym";
				ENABLE_NS_ASSERTIONS = NO;
				ENABLE_STRICT_OBJC_MSGSEND = YES;
				GCC_C_LANGUAGE_STANDARD = gnu11;
				GCC_NO_COMMON_BLOCKS = YES;
				GCC_WARN_64_TO_32_BIT_CONVERSION = YES;
				GCC_WARN_ABOUT_RETURN_TYPE = YES_ERROR;
				GCC_WARN_UNDECLARED_SELECTOR = YES;
				GCC_WARN_UNINITIALIZED_AUTOS = YES_AGGRESSIVE;
				GCC_WARN_UNUSED_FUNCTION = YES;
				GCC_WARN_UNUSED_VARIABLE = YES;
				IPHONEOS_DEPLOYMENT_TARGET = 15.5;
				MTL_ENABLE_DEBUG_INFO = NO;
				MTL_FAST_MATH = YES;
				SDKROOT = iphoneos;
				SWIFT_COMPILATION_MODE = wholemodule;
				SWIFT_OPTIMIZATION_LEVEL = "-O";
				VALIDATE_PRODUCT = YES;
			};
			name = Release;
		};
		69652412286AEF150078C44D /* Debug */ = {
			isa = XCBuildConfiguration;
			baseConfigurationReference = ADBF46BBE898508AC8EC00CA /* Pods-mini-ecommerce.debug.xcconfig */;
			buildSettings = {
				ASSETCATALOG_COMPILER_APPICON_NAME = AppIcon;
				ASSETCATALOG_COMPILER_GLOBAL_ACCENT_COLOR_NAME = AccentColor;
				CODE_SIGN_STYLE = Automatic;
				CURRENT_PROJECT_VERSION = 1;
				DEVELOPMENT_TEAM = MZGWYSR98Q;
				GENERATE_INFOPLIST_FILE = YES;
				INFOPLIST_FILE = "mini-ecommerce/Info.plist";
				INFOPLIST_KEY_UIApplicationSupportsIndirectInputEvents = YES;
				INFOPLIST_KEY_UILaunchStoryboardName = LaunchScreen;
				INFOPLIST_KEY_UIMainStoryboardFile = Main;
				INFOPLIST_KEY_UISupportedInterfaceOrientations_iPad = "UIInterfaceOrientationPortrait UIInterfaceOrientationPortraitUpsideDown UIInterfaceOrientationLandscapeLeft UIInterfaceOrientationLandscapeRight";
				INFOPLIST_KEY_UISupportedInterfaceOrientations_iPhone = "UIInterfaceOrientationPortrait UIInterfaceOrientationLandscapeLeft UIInterfaceOrientationLandscapeRight";
				LD_RUNPATH_SEARCH_PATHS = (
					"$(inherited)",
					"@executable_path/Frameworks",
				);
				MARKETING_VERSION = 1.0;
				PRODUCT_BUNDLE_IDENTIFIER = "com.done.mini-ecommerce";
				PRODUCT_NAME = "$(TARGET_NAME)";
				SWIFT_EMIT_LOC_STRINGS = YES;
				SWIFT_VERSION = 5.0;
				TARGETED_DEVICE_FAMILY = "1,2";
			};
			name = Debug;
		};
		69652413286AEF150078C44D /* Release */ = {
			isa = XCBuildConfiguration;
			baseConfigurationReference = B2C427D26A8941081175CC48 /* Pods-mini-ecommerce.release.xcconfig */;
			buildSettings = {
				ASSETCATALOG_COMPILER_APPICON_NAME = AppIcon;
				ASSETCATALOG_COMPILER_GLOBAL_ACCENT_COLOR_NAME = AccentColor;
				CODE_SIGN_STYLE = Automatic;
				CURRENT_PROJECT_VERSION = 1;
				DEVELOPMENT_TEAM = MZGWYSR98Q;
				GENERATE_INFOPLIST_FILE = YES;
				INFOPLIST_FILE = "mini-ecommerce/Info.plist";
				INFOPLIST_KEY_UIApplicationSupportsIndirectInputEvents = YES;
				INFOPLIST_KEY_UILaunchStoryboardName = LaunchScreen;
				INFOPLIST_KEY_UIMainStoryboardFile = Main;
				INFOPLIST_KEY_UISupportedInterfaceOrientations_iPad = "UIInterfaceOrientationPortrait UIInterfaceOrientationPortraitUpsideDown UIInterfaceOrientationLandscapeLeft UIInterfaceOrientationLandscapeRight";
				INFOPLIST_KEY_UISupportedInterfaceOrientations_iPhone = "UIInterfaceOrientationPortrait UIInterfaceOrientationLandscapeLeft UIInterfaceOrientationLandscapeRight";
				LD_RUNPATH_SEARCH_PATHS = (
					"$(inherited)",
					"@executable_path/Frameworks",
				);
				MARKETING_VERSION = 1.0;
				PRODUCT_BUNDLE_IDENTIFIER = "com.done.mini-ecommerce";
				PRODUCT_NAME = "$(TARGET_NAME)";
				SWIFT_EMIT_LOC_STRINGS = YES;
				SWIFT_VERSION = 5.0;
				TARGETED_DEVICE_FAMILY = "1,2";
			};
			name = Release;
		};
/* End XCBuildConfiguration section */

/* Begin XCConfigurationList section */
		696523F8286AEF120078C44D /* Build configuration list for PBXProject "mini-ecommerce" */ = {
			isa = XCConfigurationList;
			buildConfigurations = (
				6965240F286AEF150078C44D /* Debug */,
				69652410286AEF150078C44D /* Release */,
			);
			defaultConfigurationIsVisible = 0;
			defaultConfigurationName = Release;
		};
		69652411286AEF150078C44D /* Build configuration list for PBXNativeTarget "mini-ecommerce" */ = {
			isa = XCConfigurationList;
			buildConfigurations = (
				69652412286AEF150078C44D /* Debug */,
				69652413286AEF150078C44D /* Release */,
			);
			defaultConfigurationIsVisible = 0;
			defaultConfigurationName = Release;
		};
/* End XCConfigurationList section */
	};
	rootObject = 696523F5286AEF120078C44D /* Project object */;
}
